
Microsoft Visual Studio Solution File, Format Version 11.0
# Visual Studio 2010
Project("{FAE04EC0-301F-11D3-BF4B-00C04F79EFBC}") = "UnityVS.baseShooter.CSharp.Editor", "UnityVS.baseShooter.CSharp.Editor.csproj", "{724C831C-FEC3-8F7B-0873-D4EE2C516637}"
EndProject
Project("{FAE04EC0-301F-11D3-BF4B-00C04F79EFBC}") = "UnityVS.baseShooter.CSharp", "UnityVS.baseShooter.CSharp.csproj", "{DCD10CB5-205A-2968-94AE-A4A582B78C03}"
EndProject
Project("{FAE04EC0-301F-11D3-BF4B-00C04F79EFBC}") = "UnityVS.baseShooter.CSharp.Plugins", "UnityVS.baseShooter.CSharp.Plugins.csproj", "{9F08F831-DD89-9624-DA90-D79440E6DDA4}"
EndProject
Global
	GlobalSection(SolutionConfigurationPlatforms) = preSolution
		Debug|Any CPU = Debug|Any CPU
		Release|Any CPU = Release|Any CPU
	EndGlobalSection
	GlobalSection(ProjectConfigurationPlatforms) = postSolution
		{724C831C-FEC3-8F7B-0873-D4EE2C516637}.Debug|Any CPU.ActiveCfg = Debug|Any CPU
		{724C831C-FEC3-8F7B-0873-D4EE2C516637}.Debug|Any CPU.Build.0 = Debug|Any CPU
		{724C831C-FEC3-8F7B-0873-D4EE2C516637}.Release|Any CPU.ActiveCfg = Release|Any CPU
		{724C831C-FEC3-8F7B-0873-D4EE2C516637}.Release|Any CPU.Build.0 = Release|Any CPU
		{DCD10CB5-205A-2968-94AE-A4A582B78C03}.Debug|Any CPU.ActiveCfg = Debug|Any CPU
		{DCD10CB5-205A-2968-94AE-A4A582B78C03}.Debug|Any CPU.Build.0 = Debug|Any CPU
		{DCD10CB5-205A-2968-94AE-A4A582B78C03}.Release|Any CPU.ActiveCfg = Release|Any CPU
		{DCD10CB5-205A-2968-94AE-A4A582B78C03}.Release|Any CPU.Build.0 = Release|Any CPU
		{9F08F831-DD89-9624-DA90-D79440E6DDA4}.Debug|Any CPU.ActiveCfg = Debug|Any CPU
		{9F08F831-DD89-9624-DA90-D79440E6DDA4}.Debug|Any CPU.Build.0 = Debug|Any CPU
		{9F08F831-DD89-9624-DA90-D79440E6DDA4}.Release|Any CPU.ActiveCfg = Release|Any CPU
		{9F08F831-DD89-9624-DA90-D79440E6DDA4}.Release|Any CPU.Build.0 = Release|Any CPU
	EndGlobalSection
	GlobalSection(SolutionProperties) = preSolution
		HideSolutionNode = FALSE
	EndGlobalSection
EndGlobal
